
Microsoft Visual Studio Solution File, Format Version 12.00
# Visual Studio 15
VisualStudioVersion = 15.0.28010.2046
MinimumVisualStudioVersion = 10.0.40219.1
Project("{FAE04EC0-301F-11D3-BF4B-00C04F79EFBC}") = "ScrumProject", "ScrumProject\ScrumProject.csproj", "{2EE6B758-1981-425A-8431-DEA2CF51BD52}"
EndProject
Project("{FAE04EC0-301F-11D3-BF4B-00C04F79EFBC}") = "BlackJack", "BlackJack\BlackJack.csproj", "{4EE6C329-490D-4DB5-A132-974847B2F25B}"
EndProject
Global
	GlobalSection(SolutionConfigurationPlatforms) = preSolution
		Debug|Any CPU = Debug|Any CPU
		Release|Any CPU = Release|Any CPU
	EndGlobalSection
	GlobalSection(ProjectConfigurationPlatforms) = postSolution
		{2EE6B758-1981-425A-8431-DEA2CF51BD52}.Debug|Any CPU.ActiveCfg = Debug|Any CPU
		{2EE6B758-1981-425A-8431-DEA2CF51BD52}.Debug|Any CPU.Build.0 = Debug|Any CPU
		{2EE6B758-1981-425A-8431-DEA2CF51BD52}.Release|Any CPU.ActiveCfg = Release|Any CPU
		{2EE6B758-1981-425A-8431-DEA2CF51BD52}.Release|Any CPU.Build.0 = Release|Any CPU
		{4EE6C329-490D-4DB5-A132-974847B2F25B}.Debug|Any CPU.ActiveCfg = Debug|Any CPU
		{4EE6C329-490D-4DB5-A132-974847B2F25B}.Debug|Any CPU.Build.0 = Debug|Any CPU
		{4EE6C329-490D-4DB5-A132-974847B2F25B}.Release|Any CPU.ActiveCfg = Release|Any CPU
		{4EE6C329-490D-4DB5-A132-974847B2F25B}.Release|Any CPU.Build.0 = Release|Any CPU
	EndGlobalSection
	GlobalSection(SolutionProperties) = preSolution
		HideSolutionNode = FALSE
	EndGlobalSection
	GlobalSection(ExtensibilityGlobals) = postSolution
		SolutionGuid = {74949CF6-BF7A-49E6-8B2D-6C9FE329F31B}
	EndGlobalSection
EndGlobal
